
Microsoft Visual Studio Solution File, Format Version 12.00
# Visual Studio Version 17
VisualStudioVersion = 17.11.35312.102
MinimumVisualStudioVersion = 10.0.40219.1
Project("{9A19103F-16F7-4668-BE54-9A1E7A4F7556}") = "Coding Problems Challenge Run", "Coding Problems Challenge Run\Coding Problems Challenge Run.csproj", "{A2B7B47F-D967-4EE3-8F8E-0C5311AA1AAB}"
EndProject
Project("{FAE04EC0-301F-11D3-BF4B-00C04F79EFBC}") = "MinMaxSum", "MinMaxSum\MinMaxSum.csproj", "{9F221EBE-EB32-4E1C-8359-30D5BD76F25A}"
EndProject
Global
	GlobalSection(SolutionConfigurationPlatforms) = preSolution
		Debug|Any CPU = Debug|Any CPU
		Release|Any CPU = Release|Any CPU
	EndGlobalSection
	GlobalSection(ProjectConfigurationPlatforms) = postSolution
		{A2B7B47F-D967-4EE3-8F8E-0C5311AA1AAB}.Debug|Any CPU.ActiveCfg = Debug|Any CPU
		{A2B7B47F-D967-4EE3-8F8E-0C5311AA1AAB}.Debug|Any CPU.Build.0 = Debug|Any CPU
		{A2B7B47F-D967-4EE3-8F8E-0C5311AA1AAB}.Release|Any CPU.ActiveCfg = Release|Any CPU
		{A2B7B47F-D967-4EE3-8F8E-0C5311AA1AAB}.Release|Any CPU.Build.0 = Release|Any CPU
		{9F221EBE-EB32-4E1C-8359-30D5BD76F25A}.Debug|Any CPU.ActiveCfg = Debug|Any CPU
		{9F221EBE-EB32-4E1C-8359-30D5BD76F25A}.Debug|Any CPU.Build.0 = Debug|Any CPU
		{9F221EBE-EB32-4E1C-8359-30D5BD76F25A}.Release|Any CPU.ActiveCfg = Release|Any CPU
		{9F221EBE-EB32-4E1C-8359-30D5BD76F25A}.Release|Any CPU.Build.0 = Release|Any CPU
	EndGlobalSection
	GlobalSection(SolutionProperties) = preSolution
		HideSolutionNode = FALSE
	EndGlobalSection
	GlobalSection(ExtensibilityGlobals) = postSolution
		SolutionGuid = {8AD9DA09-3B9E-4AAE-AB5B-E462C267FB5A}
	EndGlobalSection
EndGlobal
